// !$*UTF8*$!
{
	archiveVersion = 1;
	classes = {
	};
	objectVersion = 56;
	objects = {

/* Begin PBXBuildFile section */
		2F148C00298BB15900031B7F /* FirebaseAccountTestsView.swift in Sources */ = {isa = PBXBuildFile; fileRef = 2F148BFF298BB15900031B7F /* FirebaseAccountTestsView.swift */; };
		2F2E4B8429749C5900FF710F /* FirestoreDataStorageTests.swift in Sources */ = {isa = PBXBuildFile; fileRef = 2F2E4B8329749C5900FF710F /* FirestoreDataStorageTests.swift */; };
		2F2E8EFC29E7366200D439B7 /* SpeziAccount in Frameworks */ = {isa = PBXBuildFile; productRef = 2F2E8EFB29E7366200D439B7 /* SpeziAccount */; };
		2F2E8EFF29E7369B00D439B7 /* SpeziViews in Frameworks */ = {isa = PBXBuildFile; productRef = 2F2E8EFE29E7369B00D439B7 /* SpeziViews */; };
		2F6D139A28F5F386007C25D6 /* Assets.xcassets in Resources */ = {isa = PBXBuildFile; fileRef = 2F6D139928F5F386007C25D6 /* Assets.xcassets */; };
		2F746D9F29962B2A00BF54FE /* XCTestExtensions in Frameworks */ = {isa = PBXBuildFile; productRef = 2F746D9E29962B2A00BF54FE /* XCTestExtensions */; };
		2F87F9F12953EEB400810247 /* GoogleService-Info.plist in Resources */ = {isa = PBXBuildFile; fileRef = 2F87F9F02953EEB400810247 /* GoogleService-Info.plist */; };
		2F8A431729130BBC005D2B8F /* TestAppType.swift in Sources */ = {isa = PBXBuildFile; fileRef = 2F8A431629130BBC005D2B8F /* TestAppType.swift */; };
		2F8CE161298C2C6D003799A8 /* FirebaseAccountTests.swift in Sources */ = {isa = PBXBuildFile; fileRef = 2F8CE160298C2C6D003799A8 /* FirebaseAccountTests.swift */; };
		2F9F07F129090B0500CDC598 /* TestAppDelegate.swift in Sources */ = {isa = PBXBuildFile; fileRef = 2F9F07F029090B0500CDC598 /* TestAppDelegate.swift */; };
		2FA7382C290ADFAA007ACEB9 /* TestApp.swift in Sources */ = {isa = PBXBuildFile; fileRef = 2FA7382B290ADFAA007ACEB9 /* TestApp.swift */; };
		2FB07593299DF96E00C0B37F /* SpeziFirebaseAccount in Frameworks */ = {isa = PBXBuildFile; productRef = 2FB07592299DF96E00C0B37F /* SpeziFirebaseAccount */; };
		2FB07595299DF96E00C0B37F /* SpeziFirebaseConfiguration in Frameworks */ = {isa = PBXBuildFile; productRef = 2FB07594299DF96E00C0B37F /* SpeziFirebaseConfiguration */; };
		2FB07597299DF96E00C0B37F /* SpeziFirestore in Frameworks */ = {isa = PBXBuildFile; productRef = 2FB07596299DF96E00C0B37F /* SpeziFirestore */; };
		2FB0759D299DF96E00C0B37F /* Spezi in Frameworks */ = {isa = PBXBuildFile; productRef = 2FB0759C299DF96E00C0B37F /* Spezi */; };
		2FE62C3D2966074F00FCBE7F /* FirestoreDataStorageTests.swift in Sources */ = {isa = PBXBuildFile; fileRef = 2FE62C3C2966074F00FCBE7F /* FirestoreDataStorageTests.swift */; };
		97359F642ADB27500080CB11 /* FirebaseStorageTestsView.swift in Sources */ = {isa = PBXBuildFile; fileRef = 97359F632ADB27500080CB11 /* FirebaseStorageTestsView.swift */; };
		97359F662ADB286D0080CB11 /* StorageMetadata+Sendable.swift in Sources */ = {isa = PBXBuildFile; fileRef = 97359F652ADB286D0080CB11 /* StorageMetadata+Sendable.swift */; };
		978DFE922ADB1E1600E2B9B5 /* SpeziFirebaseStorage in Frameworks */ = {isa = PBXBuildFile; productRef = 978DFE912ADB1E1600E2B9B5 /* SpeziFirebaseStorage */; };
		978E198E2ADB40A300732324 /* FirebaseStorageTests.swift in Sources */ = {isa = PBXBuildFile; fileRef = 978E198D2ADB40A300732324 /* FirebaseStorageTests.swift */; };
		A95D60D02AA35E2200EB5968 /* FirebaseClient.swift in Sources */ = {isa = PBXBuildFile; fileRef = A95D60CF2AA35E2200EB5968 /* FirebaseClient.swift */; };
/* End PBXBuildFile section */

/* Begin PBXContainerItemProxy section */
		2F6D13AD28F5F386007C25D6 /* PBXContainerItemProxy */ = {
			isa = PBXContainerItemProxy;
			containerPortal = 2F6D138A28F5F384007C25D6 /* Project object */;
			proxyType = 1;
			remoteGlobalIDString = 2F6D139128F5F384007C25D6;
			remoteInfo = Example;
		};
/* End PBXContainerItemProxy section */

/* Begin PBXFileReference section */
		2F01E8CE291493560089C46B /* Info.plist */ = {isa = PBXFileReference; lastKnownFileType = text.plist; path = Info.plist; sourceTree = "<group>"; };
		2F148BFF298BB15900031B7F /* FirebaseAccountTestsView.swift */ = {isa = PBXFileReference; lastKnownFileType = sourcecode.swift; path = FirebaseAccountTestsView.swift; sourceTree = "<group>"; };
		2F2E4B8329749C5900FF710F /* FirestoreDataStorageTests.swift */ = {isa = PBXFileReference; lastKnownFileType = sourcecode.swift; path = FirestoreDataStorageTests.swift; sourceTree = "<group>"; };
		2F6D139228F5F384007C25D6 /* TestApp.app */ = {isa = PBXFileReference; explicitFileType = wrapper.application; includeInIndex = 0; path = TestApp.app; sourceTree = BUILT_PRODUCTS_DIR; };
		2F6D139928F5F386007C25D6 /* Assets.xcassets */ = {isa = PBXFileReference; lastKnownFileType = folder.assetcatalog; path = Assets.xcassets; sourceTree = "<group>"; };
		2F6D13AC28F5F386007C25D6 /* TestAppUITests.xctest */ = {isa = PBXFileReference; explicitFileType = wrapper.cfbundle; includeInIndex = 0; path = TestAppUITests.xctest; sourceTree = BUILT_PRODUCTS_DIR; };
		2F7B6CB4294C03C800FDC494 /* TestApp.xctestplan */ = {isa = PBXFileReference; lastKnownFileType = text; name = TestApp.xctestplan; path = UITests.xcodeproj/TestApp.xctestplan; sourceTree = "<group>"; };
		2F87F9F02953EEB400810247 /* GoogleService-Info.plist */ = {isa = PBXFileReference; fileEncoding = 4; lastKnownFileType = text.plist.xml; path = "GoogleService-Info.plist"; sourceTree = "<group>"; };
		2F8A431629130BBC005D2B8F /* TestAppType.swift */ = {isa = PBXFileReference; fileEncoding = 4; lastKnownFileType = sourcecode.swift; path = TestAppType.swift; sourceTree = "<group>"; };
		2F8CE160298C2C6D003799A8 /* FirebaseAccountTests.swift */ = {isa = PBXFileReference; lastKnownFileType = sourcecode.swift; path = FirebaseAccountTests.swift; sourceTree = "<group>"; };
		2F9F07F029090B0500CDC598 /* TestAppDelegate.swift */ = {isa = PBXFileReference; lastKnownFileType = sourcecode.swift; path = TestAppDelegate.swift; sourceTree = "<group>"; };
		2FA7382B290ADFAA007ACEB9 /* TestApp.swift */ = {isa = PBXFileReference; fileEncoding = 4; lastKnownFileType = sourcecode.swift; path = TestApp.swift; sourceTree = "<group>"; };
		2FB926E42974B0FC008E7B03 /* Info.plist */ = {isa = PBXFileReference; lastKnownFileType = text.plist; path = Info.plist; sourceTree = "<group>"; };
		2FC42FD7290ADD5E00B08F18 /* SpeziFirebase */ = {isa = PBXFileReference; lastKnownFileType = wrapper; name = SpeziFirebase; path = ../..; sourceTree = "<group>"; };
		2FE62C3C2966074F00FCBE7F /* FirestoreDataStorageTests.swift */ = {isa = PBXFileReference; lastKnownFileType = sourcecode.swift; path = FirestoreDataStorageTests.swift; sourceTree = "<group>"; };
		97359F632ADB27500080CB11 /* FirebaseStorageTestsView.swift */ = {isa = PBXFileReference; fileEncoding = 4; lastKnownFileType = sourcecode.swift; path = FirebaseStorageTestsView.swift; sourceTree = "<group>"; };
		97359F652ADB286D0080CB11 /* StorageMetadata+Sendable.swift */ = {isa = PBXFileReference; lastKnownFileType = sourcecode.swift; path = "StorageMetadata+Sendable.swift"; sourceTree = "<group>"; };
		978E198D2ADB40A300732324 /* FirebaseStorageTests.swift */ = {isa = PBXFileReference; lastKnownFileType = sourcecode.swift; path = FirebaseStorageTests.swift; sourceTree = "<group>"; };
		A95D60CF2AA35E2200EB5968 /* FirebaseClient.swift */ = {isa = PBXFileReference; lastKnownFileType = sourcecode.swift; path = FirebaseClient.swift; sourceTree = "<group>"; };
/* End PBXFileReference section */

/* Begin PBXFrameworksBuildPhase section */
		2F6D138F28F5F384007C25D6 /* Frameworks */ = {
			isa = PBXFrameworksBuildPhase;
			buildActionMask = 2147483647;
			files = (
				2FB07595299DF96E00C0B37F /* SpeziFirebaseConfiguration in Frameworks */,
				2FB07597299DF96E00C0B37F /* SpeziFirestore in Frameworks */,
				2F2E8EFF29E7369B00D439B7 /* SpeziViews in Frameworks */,
				2F2E8EFC29E7366200D439B7 /* SpeziAccount in Frameworks */,
				978DFE922ADB1E1600E2B9B5 /* SpeziFirebaseStorage in Frameworks */,
				2FB0759D299DF96E00C0B37F /* Spezi in Frameworks */,
				2FB07593299DF96E00C0B37F /* SpeziFirebaseAccount in Frameworks */,
			);
			runOnlyForDeploymentPostprocessing = 0;
		};
		2F6D13A928F5F386007C25D6 /* Frameworks */ = {
			isa = PBXFrameworksBuildPhase;
			buildActionMask = 2147483647;
			files = (
				2F746D9F29962B2A00BF54FE /* XCTestExtensions in Frameworks */,
			);
			runOnlyForDeploymentPostprocessing = 0;
		};
/* End PBXFrameworksBuildPhase section */

/* Begin PBXGroup section */
		2F148BFE298BB14100031B7F /* FirebaseAccountTests */ = {
			isa = PBXGroup;
			children = (
				2F148BFF298BB15900031B7F /* FirebaseAccountTestsView.swift */,
			);
			path = FirebaseAccountTests;
			sourceTree = "<group>";
		};
		2F6D138928F5F384007C25D6 = {
			isa = PBXGroup;
			children = (
				2F7B6CB4294C03C800FDC494 /* TestApp.xctestplan */,
				2FC42FD7290ADD5E00B08F18 /* SpeziFirebase */,
				2F6D139428F5F384007C25D6 /* TestApp */,
				2F6D13AF28F5F386007C25D6 /* TestAppUITests */,
				2F6D139328F5F384007C25D6 /* Products */,
				2F6D13C228F5F3BE007C25D6 /* Frameworks */,
			);
			sourceTree = "<group>";
		};
		2F6D139328F5F384007C25D6 /* Products */ = {
			isa = PBXGroup;
			children = (
				2F6D139228F5F384007C25D6 /* TestApp.app */,
				2F6D13AC28F5F386007C25D6 /* TestAppUITests.xctest */,
			);
			name = Products;
			sourceTree = "<group>";
		};
		2F6D139428F5F384007C25D6 /* TestApp */ = {
			isa = PBXGroup;
			children = (
				2FA7382B290ADFAA007ACEB9 /* TestApp.swift */,
				2F148BFE298BB14100031B7F /* FirebaseAccountTests */,
				2FE62C3B2966071400FCBE7F /* FirestoreDataStorageTests */,
				97359F622ADB27430080CB11 /* FirebaseStorageTests */,
				2F9F07ED29090AF500CDC598 /* Shared */,
				2F6D139928F5F386007C25D6 /* Assets.xcassets */,
				2F01E8CE291493560089C46B /* Info.plist */,
				2F87F9F02953EEB400810247 /* GoogleService-Info.plist */,
			);
			path = TestApp;
			sourceTree = "<group>";
		};
		2F6D13AF28F5F386007C25D6 /* TestAppUITests */ = {
			isa = PBXGroup;
			children = (
				2FB926E42974B0FC008E7B03 /* Info.plist */,
				2F8CE160298C2C6D003799A8 /* FirebaseAccountTests.swift */,
				2F2E4B8329749C5900FF710F /* FirestoreDataStorageTests.swift */,
				A95D60CF2AA35E2200EB5968 /* FirebaseClient.swift */,
				978E198D2ADB40A300732324 /* FirebaseStorageTests.swift */,
			);
			path = TestAppUITests;
			sourceTree = "<group>";
		};
		2F6D13C228F5F3BE007C25D6 /* Frameworks */ = {
			isa = PBXGroup;
			children = (
			);
			name = Frameworks;
			sourceTree = "<group>";
		};
		2F9F07ED29090AF500CDC598 /* Shared */ = {
			isa = PBXGroup;
			children = (
				2F8A431629130BBC005D2B8F /* TestAppType.swift */,
				2F9F07F029090B0500CDC598 /* TestAppDelegate.swift */,
			);
			path = Shared;
			sourceTree = "<group>";
		};
		2FE62C3B2966071400FCBE7F /* FirestoreDataStorageTests */ = {
			isa = PBXGroup;
			children = (
				2FE62C3C2966074F00FCBE7F /* FirestoreDataStorageTests.swift */,
			);
			path = FirestoreDataStorageTests;
			sourceTree = "<group>";
		};
		97359F622ADB27430080CB11 /* FirebaseStorageTests */ = {
			isa = PBXGroup;
			children = (
				97359F632ADB27500080CB11 /* FirebaseStorageTestsView.swift */,
				97359F652ADB286D0080CB11 /* StorageMetadata+Sendable.swift */,
			);
			path = FirebaseStorageTests;
			sourceTree = "<group>";
		};
/* End PBXGroup section */

/* Begin PBXNativeTarget section */
		2F6D139128F5F384007C25D6 /* TestApp */ = {
			isa = PBXNativeTarget;
			buildConfigurationList = 2F6D13B628F5F386007C25D6 /* Build configuration list for PBXNativeTarget "TestApp" */;
			buildPhases = (
				2F6D138E28F5F384007C25D6 /* Sources */,
				2F6D138F28F5F384007C25D6 /* Frameworks */,
				2F6D139028F5F384007C25D6 /* Resources */,
			);
			buildRules = (
			);
			dependencies = (
			);
			name = TestApp;
			packageProductDependencies = (
				2FB07592299DF96E00C0B37F /* SpeziFirebaseAccount */,
				2FB07594299DF96E00C0B37F /* SpeziFirebaseConfiguration */,
				2FB07596299DF96E00C0B37F /* SpeziFirestore */,
				2FB0759C299DF96E00C0B37F /* Spezi */,
				2F2E8EFB29E7366200D439B7 /* SpeziAccount */,
				2F2E8EFE29E7369B00D439B7 /* SpeziViews */,
				978DFE912ADB1E1600E2B9B5 /* SpeziFirebaseStorage */,
			);
			productName = Example;
			productReference = 2F6D139228F5F384007C25D6 /* TestApp.app */;
			productType = "com.apple.product-type.application";
		};
		2F6D13AB28F5F386007C25D6 /* TestAppUITests */ = {
			isa = PBXNativeTarget;
			buildConfigurationList = 2F6D13BC28F5F386007C25D6 /* Build configuration list for PBXNativeTarget "TestAppUITests" */;
			buildPhases = (
				2F6D13A828F5F386007C25D6 /* Sources */,
				2F6D13A928F5F386007C25D6 /* Frameworks */,
				2F6D13AA28F5F386007C25D6 /* Resources */,
			);
			buildRules = (
			);
			dependencies = (
				2F6D13AE28F5F386007C25D6 /* PBXTargetDependency */,
			);
			name = TestAppUITests;
			packageProductDependencies = (
				2F746D9E29962B2A00BF54FE /* XCTestExtensions */,
			);
			productName = ExampleUITests;
			productReference = 2F6D13AC28F5F386007C25D6 /* TestAppUITests.xctest */;
			productType = "com.apple.product-type.bundle.ui-testing";
		};
/* End PBXNativeTarget section */

/* Begin PBXProject section */
		2F6D138A28F5F384007C25D6 /* Project object */ = {
			isa = PBXProject;
			attributes = {
				BuildIndependentTargetsInParallel = 1;
				LastSwiftUpdateCheck = 1410;
				LastUpgradeCheck = 1410;
				TargetAttributes = {
					2F6D139128F5F384007C25D6 = {
						CreatedOnToolsVersion = 14.1;
					};
					2F6D13AB28F5F386007C25D6 = {
						CreatedOnToolsVersion = 14.1;
						TestTargetID = 2F6D139128F5F384007C25D6;
					};
				};
			};
			buildConfigurationList = 2F6D138D28F5F384007C25D6 /* Build configuration list for PBXProject "UITests" */;
			compatibilityVersion = "Xcode 14.0";
			developmentRegion = en;
			hasScannedForEncodings = 0;
			knownRegions = (
				en,
				Base,
			);
			mainGroup = 2F6D138928F5F384007C25D6;
			packageReferences = (
				2F746D9D29962B2A00BF54FE /* XCRemoteSwiftPackageReference "XCTestExtensions" */,
				2FB0758B299DF8F100C0B37F /* XCRemoteSwiftPackageReference "Spezi" */,
				2F2E8EFA29E7363A00D439B7 /* XCRemoteSwiftPackageReference "SpeziAccount" */,
				2F2E8EFD29E7369B00D439B7 /* XCRemoteSwiftPackageReference "SpeziViews" */,
			);
			productRefGroup = 2F6D139328F5F384007C25D6 /* Products */;
			projectDirPath = "";
			projectRoot = "";
			targets = (
				2F6D139128F5F384007C25D6 /* TestApp */,
				2F6D13AB28F5F386007C25D6 /* TestAppUITests */,
			);
		};
/* End PBXProject section */

/* Begin PBXResourcesBuildPhase section */
		2F6D139028F5F384007C25D6 /* Resources */ = {
			isa = PBXResourcesBuildPhase;
			buildActionMask = 2147483647;
			files = (
				2F6D139A28F5F386007C25D6 /* Assets.xcassets in Resources */,
				2F87F9F12953EEB400810247 /* GoogleService-Info.plist in Resources */,
			);
			runOnlyForDeploymentPostprocessing = 0;
		};
		2F6D13AA28F5F386007C25D6 /* Resources */ = {
			isa = PBXResourcesBuildPhase;
			buildActionMask = 2147483647;
			files = (
			);
			runOnlyForDeploymentPostprocessing = 0;
		};
/* End PBXResourcesBuildPhase section */

/* Begin PBXSourcesBuildPhase section */
		2F6D138E28F5F384007C25D6 /* Sources */ = {
			isa = PBXSourcesBuildPhase;
			buildActionMask = 2147483647;
			files = (
				97359F662ADB286D0080CB11 /* StorageMetadata+Sendable.swift in Sources */,
				2F148C00298BB15900031B7F /* FirebaseAccountTestsView.swift in Sources */,
				2FA7382C290ADFAA007ACEB9 /* TestApp.swift in Sources */,
				2FE62C3D2966074F00FCBE7F /* FirestoreDataStorageTests.swift in Sources */,
				2F8A431729130BBC005D2B8F /* TestAppType.swift in Sources */,
				2F9F07F129090B0500CDC598 /* TestAppDelegate.swift in Sources */,
				97359F642ADB27500080CB11 /* FirebaseStorageTestsView.swift in Sources */,
			);
			runOnlyForDeploymentPostprocessing = 0;
		};
		2F6D13A828F5F386007C25D6 /* Sources */ = {
			isa = PBXSourcesBuildPhase;
			buildActionMask = 2147483647;
			files = (
				A95D60D02AA35E2200EB5968 /* FirebaseClient.swift in Sources */,
				2F2E4B8429749C5900FF710F /* FirestoreDataStorageTests.swift in Sources */,
				978E198E2ADB40A300732324 /* FirebaseStorageTests.swift in Sources */,
				2F8CE161298C2C6D003799A8 /* FirebaseAccountTests.swift in Sources */,
			);
			runOnlyForDeploymentPostprocessing = 0;
		};
/* End PBXSourcesBuildPhase section */

/* Begin PBXTargetDependency section */
		2F6D13AE28F5F386007C25D6 /* PBXTargetDependency */ = {
			isa = PBXTargetDependency;
			target = 2F6D139128F5F384007C25D6 /* TestApp */;
			targetProxy = 2F6D13AD28F5F386007C25D6 /* PBXContainerItemProxy */;
		};
/* End PBXTargetDependency section */

/* Begin XCBuildConfiguration section */
		2F6D13B428F5F386007C25D6 /* Debug */ = {
			isa = XCBuildConfiguration;
			buildSettings = {
				ALWAYS_SEARCH_USER_PATHS = NO;
				CLANG_ANALYZER_NONNULL = YES;
				CLANG_ANALYZER_NUMBER_OBJECT_CONVERSION = YES_AGGRESSIVE;
				CLANG_CXX_LANGUAGE_STANDARD = "gnu++20";
				CLANG_ENABLE_MODULES = YES;
				CLANG_ENABLE_OBJC_ARC = YES;
				CLANG_ENABLE_OBJC_WEAK = YES;
				CLANG_WARN_BLOCK_CAPTURE_AUTORELEASING = YES;
				CLANG_WARN_BOOL_CONVERSION = YES;
				CLANG_WARN_COMMA = YES;
				CLANG_WARN_CONSTANT_CONVERSION = YES;
				CLANG_WARN_DEPRECATED_OBJC_IMPLEMENTATIONS = YES;
				CLANG_WARN_DIRECT_OBJC_ISA_USAGE = YES_ERROR;
				CLANG_WARN_DOCUMENTATION_COMMENTS = YES;
				CLANG_WARN_EMPTY_BODY = YES;
				CLANG_WARN_ENUM_CONVERSION = YES;
				CLANG_WARN_INFINITE_RECURSION = YES;
				CLANG_WARN_INT_CONVERSION = YES;
				CLANG_WARN_NON_LITERAL_NULL_CONVERSION = YES;
				CLANG_WARN_OBJC_IMPLICIT_RETAIN_SELF = YES;
				CLANG_WARN_OBJC_LITERAL_CONVERSION = YES;
				CLANG_WARN_OBJC_ROOT_CLASS = YES_ERROR;
				CLANG_WARN_QUOTED_INCLUDE_IN_FRAMEWORK_HEADER = YES;
				CLANG_WARN_RANGE_LOOP_ANALYSIS = YES;
				CLANG_WARN_STRICT_PROTOTYPES = YES;
				CLANG_WARN_SUSPICIOUS_MOVE = YES;
				CLANG_WARN_UNGUARDED_AVAILABILITY = YES_AGGRESSIVE;
				CLANG_WARN_UNREACHABLE_CODE = YES;
				CLANG_WARN__DUPLICATE_METHOD_MATCH = YES;
				COPY_PHASE_STRIP = NO;
				DEBUG_INFORMATION_FORMAT = dwarf;
				ENABLE_STRICT_OBJC_MSGSEND = YES;
				ENABLE_TESTABILITY = YES;
				ENABLE_TESTING_SEARCH_PATHS = YES;
				GCC_C_LANGUAGE_STANDARD = gnu11;
				GCC_DYNAMIC_NO_PIC = NO;
				GCC_NO_COMMON_BLOCKS = YES;
				GCC_OPTIMIZATION_LEVEL = 0;
				GCC_PREPROCESSOR_DEFINITIONS = (
					"DEBUG=1",
					"$(inherited)",
				);
				GCC_WARN_64_TO_32_BIT_CONVERSION = YES;
				GCC_WARN_ABOUT_RETURN_TYPE = YES_ERROR;
				GCC_WARN_UNDECLARED_SELECTOR = YES;
				GCC_WARN_UNINITIALIZED_AUTOS = YES_AGGRESSIVE;
				GCC_WARN_UNUSED_FUNCTION = YES;
				GCC_WARN_UNUSED_VARIABLE = YES;
				IPHONEOS_DEPLOYMENT_TARGET = 16.0;
				MTL_ENABLE_DEBUG_INFO = INCLUDE_SOURCE;
				MTL_FAST_MATH = YES;
				ONLY_ACTIVE_ARCH = YES;
				SDKROOT = iphoneos;
				SWIFT_ACTIVE_COMPILATION_CONDITIONS = DEBUG;
				SWIFT_OPTIMIZATION_LEVEL = "-Onone";
			};
			name = Debug;
		};
		2F6D13B528F5F386007C25D6 /* Release */ = {
			isa = XCBuildConfiguration;
			buildSettings = {
				ALWAYS_SEARCH_USER_PATHS = NO;
				CLANG_ANALYZER_NONNULL = YES;
				CLANG_ANALYZER_NUMBER_OBJECT_CONVERSION = YES_AGGRESSIVE;
				CLANG_CXX_LANGUAGE_STANDARD = "gnu++20";
				CLANG_ENABLE_MODULES = YES;
				CLANG_ENABLE_OBJC_ARC = YES;
				CLANG_ENABLE_OBJC_WEAK = YES;
				CLANG_WARN_BLOCK_CAPTURE_AUTORELEASING = YES;
				CLANG_WARN_BOOL_CONVERSION = YES;
				CLANG_WARN_COMMA = YES;
				CLANG_WARN_CONSTANT_CONVERSION = YES;
				CLANG_WARN_DEPRECATED_OBJC_IMPLEMENTATIONS = YES;
				CLANG_WARN_DIRECT_OBJC_ISA_USAGE = YES_ERROR;
				CLANG_WARN_DOCUMENTATION_COMMENTS = YES;
				CLANG_WARN_EMPTY_BODY = YES;
				CLANG_WARN_ENUM_CONVERSION = YES;
				CLANG_WARN_INFINITE_RECURSION = YES;
				CLANG_WARN_INT_CONVERSION = YES;
				CLANG_WARN_NON_LITERAL_NULL_CONVERSION = YES;
				CLANG_WARN_OBJC_IMPLICIT_RETAIN_SELF = YES;
				CLANG_WARN_OBJC_LITERAL_CONVERSION = YES;
				CLANG_WARN_OBJC_ROOT_CLASS = YES_ERROR;
				CLANG_WARN_QUOTED_INCLUDE_IN_FRAMEWORK_HEADER = YES;
				CLANG_WARN_RANGE_LOOP_ANALYSIS = YES;
				CLANG_WARN_STRICT_PROTOTYPES = YES;
				CLANG_WARN_SUSPICIOUS_MOVE = YES;
				CLANG_WARN_UNGUARDED_AVAILABILITY = YES_AGGRESSIVE;
				CLANG_WARN_UNREACHABLE_CODE = YES;
				CLANG_WARN__DUPLICATE_METHOD_MATCH = YES;
				COPY_PHASE_STRIP = NO;
				DEBUG_INFORMATION_FORMAT = "dwarf-with-dsym";
				ENABLE_NS_ASSERTIONS = NO;
				ENABLE_STRICT_OBJC_MSGSEND = YES;
				ENABLE_TESTING_SEARCH_PATHS = YES;
				GCC_C_LANGUAGE_STANDARD = gnu11;
				GCC_NO_COMMON_BLOCKS = YES;
				GCC_WARN_64_TO_32_BIT_CONVERSION = YES;
				GCC_WARN_ABOUT_RETURN_TYPE = YES_ERROR;
				GCC_WARN_UNDECLARED_SELECTOR = YES;
				GCC_WARN_UNINITIALIZED_AUTOS = YES_AGGRESSIVE;
				GCC_WARN_UNUSED_FUNCTION = YES;
				GCC_WARN_UNUSED_VARIABLE = YES;
				IPHONEOS_DEPLOYMENT_TARGET = 16.0;
				MTL_ENABLE_DEBUG_INFO = NO;
				MTL_FAST_MATH = YES;
				SDKROOT = iphoneos;
				SWIFT_COMPILATION_MODE = wholemodule;
				SWIFT_OPTIMIZATION_LEVEL = "-O";
				VALIDATE_PRODUCT = YES;
			};
			name = Release;
		};
		2F6D13B728F5F386007C25D6 /* Debug */ = {
			isa = XCBuildConfiguration;
			buildSettings = {
				ASSETCATALOG_COMPILER_APPICON_NAME = AppIcon;
				ASSETCATALOG_COMPILER_GLOBAL_ACCENT_COLOR_NAME = AccentColor;
				CODE_SIGN_STYLE = Automatic;
				CURRENT_PROJECT_VERSION = 1;
				DEVELOPMENT_ASSET_PATHS = "";
				DEVELOPMENT_TEAM = 637867499T;
				ENABLE_PREVIEWS = YES;
				GENERATE_INFOPLIST_FILE = YES;
				INFOPLIST_FILE = TestApp/Info.plist;
				INFOPLIST_KEY_NSHealthShareUsageDescription = "The TestApp accesses your HealthKit data to run the tests.";
				INFOPLIST_KEY_UIApplicationSupportsIndirectInputEvents = YES;
				INFOPLIST_KEY_UILaunchScreen_Generation = YES;
				INFOPLIST_KEY_UISupportedInterfaceOrientations = UIInterfaceOrientationPortrait;
				INFOPLIST_KEY_UISupportedInterfaceOrientations_iPad = "UIInterfaceOrientationLandscapeLeft UIInterfaceOrientationLandscapeRight UIInterfaceOrientationPortrait UIInterfaceOrientationPortraitUpsideDown";
				IPHONEOS_DEPLOYMENT_TARGET = 16.0;
				LD_RUNPATH_SEARCH_PATHS = (
					"$(inherited)",
					"@executable_path/Frameworks",
				);
				MARKETING_VERSION = 1.0;
				PRODUCT_BUNDLE_IDENTIFIER = edu.stanford.spezi.firebase.testapp;
				PRODUCT_NAME = "$(TARGET_NAME)";
				SUPPORTED_PLATFORMS = "iphoneos iphonesimulator";
				SUPPORTS_MACCATALYST = NO;
				SUPPORTS_MAC_DESIGNED_FOR_IPHONE_IPAD = NO;
				SWIFT_EMIT_LOC_STRINGS = YES;
				SWIFT_STRICT_CONCURRENCY = complete;
				SWIFT_VERSION = 5.0;
				TARGETED_DEVICE_FAMILY = 1;
			};
			name = Debug;
		};
		2F6D13B828F5F386007C25D6 /* Release */ = {
			isa = XCBuildConfiguration;
			buildSettings = {
				ASSETCATALOG_COMPILER_APPICON_NAME = AppIcon;
				ASSETCATALOG_COMPILER_GLOBAL_ACCENT_COLOR_NAME = AccentColor;
				CODE_SIGN_STYLE = Automatic;
				CURRENT_PROJECT_VERSION = 1;
				DEVELOPMENT_ASSET_PATHS = "";
				DEVELOPMENT_TEAM = 637867499T;
				ENABLE_PREVIEWS = YES;
				GENERATE_INFOPLIST_FILE = YES;
				INFOPLIST_FILE = TestApp/Info.plist;
				INFOPLIST_KEY_NSHealthShareUsageDescription = "The TestApp accesses your HealthKit data to run the tests.";
				INFOPLIST_KEY_UIApplicationSupportsIndirectInputEvents = YES;
				INFOPLIST_KEY_UILaunchScreen_Generation = YES;
				INFOPLIST_KEY_UISupportedInterfaceOrientations = UIInterfaceOrientationPortrait;
				INFOPLIST_KEY_UISupportedInterfaceOrientations_iPad = "UIInterfaceOrientationLandscapeLeft UIInterfaceOrientationLandscapeRight UIInterfaceOrientationPortrait UIInterfaceOrientationPortraitUpsideDown";
				IPHONEOS_DEPLOYMENT_TARGET = 16.0;
				LD_RUNPATH_SEARCH_PATHS = (
					"$(inherited)",
					"@executable_path/Frameworks",
				);
				MARKETING_VERSION = 1.0;
				PRODUCT_BUNDLE_IDENTIFIER = edu.stanford.spezi.firebase.testapp;
				PRODUCT_NAME = "$(TARGET_NAME)";
				SUPPORTED_PLATFORMS = "iphoneos iphonesimulator";
				SUPPORTS_MACCATALYST = NO;
				SUPPORTS_MAC_DESIGNED_FOR_IPHONE_IPAD = NO;
				SWIFT_EMIT_LOC_STRINGS = YES;
				SWIFT_STRICT_CONCURRENCY = complete;
				SWIFT_VERSION = 5.0;
				TARGETED_DEVICE_FAMILY = 1;
			};
			name = Release;
		};
		2F6D13BD28F5F386007C25D6 /* Debug */ = {
			isa = XCBuildConfiguration;
			buildSettings = {
				ALWAYS_EMBED_SWIFT_STANDARD_LIBRARIES = YES;
				CODE_SIGN_STYLE = Automatic;
				CURRENT_PROJECT_VERSION = 1;
				DEVELOPMENT_TEAM = 637867499T;
				GENERATE_INFOPLIST_FILE = YES;
				INFOPLIST_FILE = TestAppUITests/Info.plist;
				INFOPLIST_KEY_LSApplicationCategoryType = "";
				MARKETING_VERSION = 1.0;
				PRODUCT_BUNDLE_IDENTIFIER = edu.stanford.spezi.firebase.testappuitests;
				PRODUCT_NAME = "$(TARGET_NAME)";
				PROVISIONING_PROFILE = "";
				SWIFT_EMIT_LOC_STRINGS = NO;
				SWIFT_VERSION = 5.0;
				TARGETED_DEVICE_FAMILY = "1,2";
				TEST_TARGET_NAME = TestApp;
			};
			name = Debug;
		};
		2F6D13BE28F5F386007C25D6 /* Release */ = {
			isa = XCBuildConfiguration;
			buildSettings = {
				ALWAYS_EMBED_SWIFT_STANDARD_LIBRARIES = YES;
				CODE_SIGN_STYLE = Automatic;
				CURRENT_PROJECT_VERSION = 1;
				DEVELOPMENT_TEAM = 637867499T;
				GENERATE_INFOPLIST_FILE = YES;
				INFOPLIST_FILE = TestAppUITests/Info.plist;
				INFOPLIST_KEY_LSApplicationCategoryType = "";
				MARKETING_VERSION = 1.0;
				PRODUCT_BUNDLE_IDENTIFIER = edu.stanford.spezi.firebase.testappuitests;
				PRODUCT_NAME = "$(TARGET_NAME)";
				PROVISIONING_PROFILE = "";
				SWIFT_EMIT_LOC_STRINGS = NO;
				SWIFT_VERSION = 5.0;
				TARGETED_DEVICE_FAMILY = "1,2";
				TEST_TARGET_NAME = TestApp;
			};
			name = Release;
		};
/* End XCBuildConfiguration section */

/* Begin XCConfigurationList section */
		2F6D138D28F5F384007C25D6 /* Build configuration list for PBXProject "UITests" */ = {
			isa = XCConfigurationList;
			buildConfigurations = (
				2F6D13B428F5F386007C25D6 /* Debug */,
				2F6D13B528F5F386007C25D6 /* Release */,
			);
			defaultConfigurationIsVisible = 0;
			defaultConfigurationName = Release;
		};
		2F6D13B628F5F386007C25D6 /* Build configuration list for PBXNativeTarget "TestApp" */ = {
			isa = XCConfigurationList;
			buildConfigurations = (
				2F6D13B728F5F386007C25D6 /* Debug */,
				2F6D13B828F5F386007C25D6 /* Release */,
			);
			defaultConfigurationIsVisible = 0;
			defaultConfigurationName = Release;
		};
		2F6D13BC28F5F386007C25D6 /* Build configuration list for PBXNativeTarget "TestAppUITests" */ = {
			isa = XCConfigurationList;
			buildConfigurations = (
				2F6D13BD28F5F386007C25D6 /* Debug */,
				2F6D13BE28F5F386007C25D6 /* Release */,
			);
			defaultConfigurationIsVisible = 0;
			defaultConfigurationName = Release;
		};
/* End XCConfigurationList section */

/* Begin XCRemoteSwiftPackageReference section */
		2F2E8EFA29E7363A00D439B7 /* XCRemoteSwiftPackageReference "SpeziAccount" */ = {
			isa = XCRemoteSwiftPackageReference;
			repositoryURL = "https://github.com/StanfordSpezi/SpeziAccount.git";
			requirement = {
				kind = upToNextMinorVersion;
				minimumVersion = 0.5.1;
			};
		};
		2F2E8EFD29E7369B00D439B7 /* XCRemoteSwiftPackageReference "SpeziViews" */ = {
			isa = XCRemoteSwiftPackageReference;
			repositoryURL = "https://github.com/StanfordSpezi/SpeziViews.git";
			requirement = {
				kind = upToNextMinorVersion;
				minimumVersion = 0.5.0;
			};
		};
		2F746D9D29962B2A00BF54FE /* XCRemoteSwiftPackageReference "XCTestExtensions" */ = {
			isa = XCRemoteSwiftPackageReference;
			repositoryURL = "https://github.com/StanfordSpezi/XCTestExtensions";
			requirement = {
				kind = upToNextMinorVersion;
				minimumVersion = 0.4.7;
			};
		};
		2FB0758B299DF8F100C0B37F /* XCRemoteSwiftPackageReference "Spezi" */ = {
			isa = XCRemoteSwiftPackageReference;
			repositoryURL = "https://github.com/StanfordSpezi/Spezi";
			requirement = {
				kind = upToNextMinorVersion;
				minimumVersion = 0.7.0;
			};
		};
/* End XCRemoteSwiftPackageReference section */

/* Begin XCSwiftPackageProductDependency section */
		2F2E8EFB29E7366200D439B7 /* SpeziAccount */ = {
			isa = XCSwiftPackageProductDependency;
			package = 2F2E8EFA29E7363A00D439B7 /* XCRemoteSwiftPackageReference "SpeziAccount" */;
			productName = SpeziAccount;
		};
		2F2E8EFE29E7369B00D439B7 /* SpeziViews */ = {
			isa = XCSwiftPackageProductDependency;
			package = 2F2E8EFD29E7369B00D439B7 /* XCRemoteSwiftPackageReference "SpeziViews" */;
			productName = SpeziViews;
		};
		2F746D9E29962B2A00BF54FE /* XCTestExtensions */ = {
			isa = XCSwiftPackageProductDependency;
			package = 2F746D9D29962B2A00BF54FE /* XCRemoteSwiftPackageReference "XCTestExtensions" */;
			productName = XCTestExtensions;
		};
		2FB07592299DF96E00C0B37F /* SpeziFirebaseAccount */ = {
			isa = XCSwiftPackageProductDependency;
			productName = SpeziFirebaseAccount;
		};
		2FB07594299DF96E00C0B37F /* SpeziFirebaseConfiguration */ = {
			isa = XCSwiftPackageProductDependency;
			productName = SpeziFirebaseConfiguration;
		};
		2FB07596299DF96E00C0B37F /* SpeziFirestore */ = {
			isa = XCSwiftPackageProductDependency;
			productName = SpeziFirestore;
		};
		2FB0759C299DF96E00C0B37F /* Spezi */ = {
			isa = XCSwiftPackageProductDependency;
			package = 2FB0758B299DF8F100C0B37F /* XCRemoteSwiftPackageReference "Spezi" */;
			productName = Spezi;
		};
		978DFE912ADB1E1600E2B9B5 /* SpeziFirebaseStorage */ = {
			isa = XCSwiftPackageProductDependency;
			productName = SpeziFirebaseStorage;
		};
/* End XCSwiftPackageProductDependency section */
	};
	rootObject = 2F6D138A28F5F384007C25D6 /* Project object */;
}
